
Microsoft Visual Studio Solution File, Format Version 12.00
# Visual Studio Version 17
VisualStudioVersion = 17.4.33213.308
MinimumVisualStudioVersion = 10.0.40219.1
Project("{9A19103F-16F7-4668-BE54-9A1E7A4F7556}") = "WebApplication1", "WebApplication1.csproj", "{2C51C815-8CFD-4899-B327-73B003D56DBE}"
EndProject
Global
	GlobalSection(SolutionConfigurationPlatforms) = preSolution
		Debug|Any CPU = Debug|Any CPU
		Release|Any CPU = Release|Any CPU
	EndGlobalSection
	GlobalSection(ProjectConfigurationPlatforms) = postSolution
		{2C51C815-8CFD-4899-B327-73B003D56DBE}.Debug|Any CPU.ActiveCfg = Debug|Any CPU
		{2C51C815-8CFD-4899-B327-73B003D56DBE}.Debug|Any CPU.Build.0 = Debug|Any CPU
		{2C51C815-8CFD-4899-B327-73B003D56DBE}.Release|Any CPU.ActiveCfg = Release|Any CPU
		{2C51C815-8CFD-4899-B327-73B003D56DBE}.Release|Any CPU.Build.0 = Release|Any CPU
	EndGlobalSection
	GlobalSection(SolutionProperties) = preSolution
		HideSolutionNode = FALSE
	EndGlobalSection
	GlobalSection(ExtensibilityGlobals) = postSolution
		SolutionGuid = {5E84C4FC-F81E-4788-ABF1-839D4EC7DA91}
	EndGlobalSection
EndGlobal
